
Microsoft Visual Studio Solution File, Format Version 12.00
# Visual Studio 15
VisualStudioVersion = 15.0.27428.2043
MinimumVisualStudioVersion = 10.0.40219.1
Project("{FAE04EC0-301F-11D3-BF4B-00C04F79EFBC}") = "FishEDexWebAPI", "FishEDexWebAPI\FishEDexWebAPI.csproj", "{986C1D98-72CB-4538-8608-A58CE7E0C8A7}"
EndProject
Global
	GlobalSection(SolutionConfigurationPlatforms) = preSolution
		Debug|Any CPU = Debug|Any CPU
		Release|Any CPU = Release|Any CPU
	EndGlobalSection
	GlobalSection(ProjectConfigurationPlatforms) = postSolution
		{986C1D98-72CB-4538-8608-A58CE7E0C8A7}.Debug|Any CPU.ActiveCfg = Debug|Any CPU
		{986C1D98-72CB-4538-8608-A58CE7E0C8A7}.Debug|Any CPU.Build.0 = Debug|Any CPU
		{986C1D98-72CB-4538-8608-A58CE7E0C8A7}.Release|Any CPU.ActiveCfg = Release|Any CPU
		{986C1D98-72CB-4538-8608-A58CE7E0C8A7}.Release|Any CPU.Build.0 = Release|Any CPU
	EndGlobalSection
	GlobalSection(SolutionProperties) = preSolution
		HideSolutionNode = FALSE
	EndGlobalSection
	GlobalSection(ExtensibilityGlobals) = postSolution
		SolutionGuid = {4F70FD44-537D-4E0E-ADF4-B8647D1DE47C}
	EndGlobalSection
EndGlobal
